
Microsoft Visual Studio Solution File, Format Version 12.00
# Visual Studio Version 17
VisualStudioVersion = 17.9.34902.65
MinimumVisualStudioVersion = 10.0.40219.1
Project("{FAE04EC0-301F-11D3-BF4B-00C04F79EFBC}") = "FUGoodsExchange", "FUGoodsExchange\FUGoodsExchange.csproj", "{6CE8E39D-B01A-439A-B585-6F99862BE89E}"
EndProject
Project("{FAE04EC0-301F-11D3-BF4B-00C04F79EFBC}") = "BussinessObject", "BussinessObject\BussinessObject.csproj", "{208682D7-0106-4796-BAD4-5D117310F77D}"
EndProject
Project("{FAE04EC0-301F-11D3-BF4B-00C04F79EFBC}") = "DataAccessLayer", "DataAccessLayer\DataAccessLayer.csproj", "{48D7F3B1-75A6-4E89-9552-17562669685E}"
EndProject
Project("{FAE04EC0-301F-11D3-BF4B-00C04F79EFBC}") = "Repositories", "Repositories\Repositories.csproj", "{51866031-C41D-4A84-A5DD-1A34612B0B25}"
EndProject
Project("{FAE04EC0-301F-11D3-BF4B-00C04F79EFBC}") = "Services", "Services\Services.csproj", "{A4BDCE81-0813-42B3-8AB2-6DCE384423DB}"
EndProject
Global
	GlobalSection(SolutionConfigurationPlatforms) = preSolution
		Debug|Any CPU = Debug|Any CPU
		Release|Any CPU = Release|Any CPU
	EndGlobalSection
	GlobalSection(ProjectConfigurationPlatforms) = postSolution
		{6CE8E39D-B01A-439A-B585-6F99862BE89E}.Debug|Any CPU.ActiveCfg = Debug|Any CPU
		{6CE8E39D-B01A-439A-B585-6F99862BE89E}.Debug|Any CPU.Build.0 = Debug|Any CPU
		{6CE8E39D-B01A-439A-B585-6F99862BE89E}.Release|Any CPU.ActiveCfg = Release|Any CPU
		{6CE8E39D-B01A-439A-B585-6F99862BE89E}.Release|Any CPU.Build.0 = Release|Any CPU
		{208682D7-0106-4796-BAD4-5D117310F77D}.Debug|Any CPU.ActiveCfg = Debug|Any CPU
		{208682D7-0106-4796-BAD4-5D117310F77D}.Debug|Any CPU.Build.0 = Debug|Any CPU
		{208682D7-0106-4796-BAD4-5D117310F77D}.Release|Any CPU.ActiveCfg = Release|Any CPU
		{208682D7-0106-4796-BAD4-5D117310F77D}.Release|Any CPU.Build.0 = Release|Any CPU
		{48D7F3B1-75A6-4E89-9552-17562669685E}.Debug|Any CPU.ActiveCfg = Debug|Any CPU
		{48D7F3B1-75A6-4E89-9552-17562669685E}.Debug|Any CPU.Build.0 = Debug|Any CPU
		{48D7F3B1-75A6-4E89-9552-17562669685E}.Release|Any CPU.ActiveCfg = Release|Any CPU
		{48D7F3B1-75A6-4E89-9552-17562669685E}.Release|Any CPU.Build.0 = Release|Any CPU
		{51866031-C41D-4A84-A5DD-1A34612B0B25}.Debug|Any CPU.ActiveCfg = Debug|Any CPU
		{51866031-C41D-4A84-A5DD-1A34612B0B25}.Debug|Any CPU.Build.0 = Debug|Any CPU
		{51866031-C41D-4A84-A5DD-1A34612B0B25}.Release|Any CPU.ActiveCfg = Release|Any CPU
		{51866031-C41D-4A84-A5DD-1A34612B0B25}.Release|Any CPU.Build.0 = Release|Any CPU
		{A4BDCE81-0813-42B3-8AB2-6DCE384423DB}.Debug|Any CPU.ActiveCfg = Debug|Any CPU
		{A4BDCE81-0813-42B3-8AB2-6DCE384423DB}.Debug|Any CPU.Build.0 = Debug|Any CPU
		{A4BDCE81-0813-42B3-8AB2-6DCE384423DB}.Release|Any CPU.ActiveCfg = Release|Any CPU
		{A4BDCE81-0813-42B3-8AB2-6DCE384423DB}.Release|Any CPU.Build.0 = Release|Any CPU
	EndGlobalSection
	GlobalSection(SolutionProperties) = preSolution
		HideSolutionNode = FALSE
	EndGlobalSection
	GlobalSection(ExtensibilityGlobals) = postSolution
		SolutionGuid = {F4C4E20E-4419-4C20-9EEE-77ED027E7BCB}
	EndGlobalSection
EndGlobal
